PODS:
  - Alamofire (5.5.0)
  - Differentiator (5.0.0)
  - Kingfisher (7.1.2)
  - Moya/Core (15.0.0):
    - Alamofire (~> 5.0)
  - Moya/RxSwift (15.0.0):
    - Moya/Core
    - RxSwift (~> 6.0)
  - PKHUD (5.3.0)
  - RxCocoa (6.5.0):
    - RxRelay (= 6.5.0)
    - RxSwift (= 6.5.0)
  - RxDataSources (5.0.0):
    - Differentiator (~> 5.0)
    - RxCocoa (~> 6.0)
    - RxSwift (~> 6.0)
  - RxRelay (6.5.0):
    - RxSwift (= 6.5.0)
  - RxSwift (6.5.0)
  - RxTest (6.5.0):
    - RxSwift (= 6.5.0)
  - SwiftGen (6.5.1)
  - SwiftLint (0.46.2)
  - Unio (0.11.0):
    - RxRelay (~> 6.0)
    - RxSwift (~> 6.0)

DEPENDENCIES:
  - Kingfisher (~> 7.0)
  - Moya/RxSwift (~> 15.0)
  - PKHUD
  - RxCocoa
  - RxDataSources (~> 5.0)
  - RxTest
  - SwiftGen
  - SwiftLint
  - Unio

SPEC REPOS:
  trunk:
    - Alamofire
    - Differentiator
    - Kingfisher
    - Moya
    - PKHUD
    - RxCocoa
    - RxDataSources
    - RxRelay
    - RxSwift
    - RxTest
    - SwiftGen
    - SwiftLint
    - Unio

SPEC CHECKSUMS:
  Alamofire: 1c4fb5369c3fe93d2857c780d8bbe09f06f97e7c
  Differentiator: e8497ceab83c1b10ca233716d547b9af21b9344d
  Kingfisher: 44ed6a8504763f27bab46163adfac83f5deb240c
  Moya: 138f0573e53411fb3dc17016add0b748dfbd78ee
  PKHUD: 98f3e4bc904b9c916f1c5bb6d765365b5357291b
  RxCocoa: 94f817b71c07517321eb4f9ad299112ca8af743b
  RxDataSources: aa47cc1ed6c500fa0dfecac5c979b723542d79cf
  RxRelay: 1de1523e604c72b6c68feadedd1af3b1b4d0ecbd
  RxSwift: 5710a9e6b17f3c3d6e40d6e559b9fa1e813b2ef8
  RxTest: eb2d23adefc5a5ebf5779c7792fa3edfe6ebcc17
  SwiftGen: a6d22010845f08fe18fbdf3a07a8e380fd22e0ea
  SwiftLint: 6bc52a21f0fd44cab9aa2dc8e534fb9f5e3ec507
  Unio: 6e57bd33dbcf38d281b0b420f75c0eae3bef0cf3

PODFILE CHECKSUM: 9fcda85e90ca4489c7a81df326ffdff92d5036e0

COCOAPODS: 1.11.2
